{
  "object": {
    "pins": [
      {
        "package": "FeedKit",
        "repositoryURL": "https://github.com/nmdias/FeedKit",
        "state": {
          "branch": null,
          "revision": "68493a33d862c33c9a9f67ec729b3b7df1b20ade",
          "version": "9.1.2"
        }
      },
      {
        "package": "LBTATools",
        "repositoryURL": "https://github.com/bhlvoong/LBTATools",
        "state": {
          "branch": null,
          "revision": "dce147bfbdc0417a4b430ec220c088629e9dc81d",
          "version": "1.0.17"
        }
      },
      {
        "package": "MarqueeLabel",
        "repositoryURL": "https://github.com/cbpowell/MarqueeLabel",
        "state": {
          "branch": null,
          "revision": "8cd051e549b4fcbc469cc1cb7c55ae10f49caef8",
          "version": "4.0.2"
        }
      },
      {
        "package": "SDWebImage",
        "repositoryURL": "https://github.com/SDWebImage/SDWebImage",
        "state": {
          "branch": null,
          "revision": "7a21432a370a34925046244462281bd36ebab73d",
          "version": "5.9.1"
        }
      }
    ]
  },
  "version": 1
}
